
Microsoft Visual Studio Solution File, Format Version 12.00
# Visual Studio Version 17
VisualStudioVersion = 17.0.32014.148
MinimumVisualStudioVersion = 10.0.40219.1
Project("{FAE04EC0-301F-11D3-BF4B-00C04F79EFBC}") = "JogoDaVelha", "JogoDaVelha\JogoDaVelha.csproj", "{0EE3796E-9F6C-4DF8-BDCD-07D266449CDC}"
EndProject
Global
	GlobalSection(SolutionConfigurationPlatforms) = preSolution
		Debug|Any CPU = Debug|Any CPU
		Release|Any CPU = Release|Any CPU
	EndGlobalSection
	GlobalSection(ProjectConfigurationPlatforms) = postSolution
		{0EE3796E-9F6C-4DF8-BDCD-07D266449CDC}.Debug|Any CPU.ActiveCfg = Debug|Any CPU
		{0EE3796E-9F6C-4DF8-BDCD-07D266449CDC}.Debug|Any CPU.Build.0 = Debug|Any CPU
		{0EE3796E-9F6C-4DF8-BDCD-07D266449CDC}.Release|Any CPU.ActiveCfg = Release|Any CPU
		{0EE3796E-9F6C-4DF8-BDCD-07D266449CDC}.Release|Any CPU.Build.0 = Release|Any CPU
	EndGlobalSection
	GlobalSection(SolutionProperties) = preSolution
		HideSolutionNode = FALSE
	EndGlobalSection
	GlobalSection(ExtensibilityGlobals) = postSolution
		SolutionGuid = {576C9CF2-E211-4585-A66E-6FDB6B5283C5}
	EndGlobalSection
EndGlobal
